
Microsoft Visual Studio Solution File, Format Version 12.00
# Visual Studio Version 17
VisualStudioVersion = 17.4.33213.308
MinimumVisualStudioVersion = 10.0.40219.1
Project("{FAE04EC0-301F-11D3-BF4B-00C04F79EFBC}") = "Palindrome", "Palindrome\Palindrome.csproj", "{9E6020E4-0EB4-4596-A096-161C2CD24040}"
EndProject
Global
	GlobalSection(SolutionConfigurationPlatforms) = preSolution
		Debug|Any CPU = Debug|Any CPU
		Release|Any CPU = Release|Any CPU
	EndGlobalSection
	GlobalSection(ProjectConfigurationPlatforms) = postSolution
		{9E6020E4-0EB4-4596-A096-161C2CD24040}.Debug|Any CPU.ActiveCfg = Debug|Any CPU
		{9E6020E4-0EB4-4596-A096-161C2CD24040}.Debug|Any CPU.Build.0 = Debug|Any CPU
		{9E6020E4-0EB4-4596-A096-161C2CD24040}.Release|Any CPU.ActiveCfg = Release|Any CPU
		{9E6020E4-0EB4-4596-A096-161C2CD24040}.Release|Any CPU.Build.0 = Release|Any CPU
	EndGlobalSection
	GlobalSection(SolutionProperties) = preSolution
		HideSolutionNode = FALSE
	EndGlobalSection
	GlobalSection(ExtensibilityGlobals) = postSolution
		SolutionGuid = {E35B59C6-9831-4C2B-BA8D-EA3D2A7992BF}
	EndGlobalSection
EndGlobal
