
Microsoft Visual Studio Solution File, Format Version 12.00
# Visual Studio Version 17
VisualStudioVersion = 17.4.33213.308
MinimumVisualStudioVersion = 10.0.40219.1
Project("{FAE04EC0-301F-11D3-BF4B-00C04F79EFBC}") = "2S", "2S\2S.csproj", "{BF45D133-716D-44EC-B75A-6A80C3F49190}"
EndProject
Global
	GlobalSection(SolutionConfigurationPlatforms) = preSolution
		Debug|Any CPU = Debug|Any CPU
		Release|Any CPU = Release|Any CPU
	EndGlobalSection
	GlobalSection(ProjectConfigurationPlatforms) = postSolution
		{BF45D133-716D-44EC-B75A-6A80C3F49190}.Debug|Any CPU.ActiveCfg = Debug|Any CPU
		{BF45D133-716D-44EC-B75A-6A80C3F49190}.Debug|Any CPU.Build.0 = Debug|Any CPU
		{BF45D133-716D-44EC-B75A-6A80C3F49190}.Release|Any CPU.ActiveCfg = Release|Any CPU
		{BF45D133-716D-44EC-B75A-6A80C3F49190}.Release|Any CPU.Build.0 = Release|Any CPU
	EndGlobalSection
	GlobalSection(SolutionProperties) = preSolution
		HideSolutionNode = FALSE
	EndGlobalSection
	GlobalSection(ExtensibilityGlobals) = postSolution
		SolutionGuid = {EE4A7F8A-76BF-4AE2-B2F6-AE63C48E7E10}
	EndGlobalSection
EndGlobal
